schema: '2.0'
stages:
  load_data:
    cmd: python src/load_data.py --config=params.yaml
    deps:
    - path: data_given/winequality.csv
      md5: ccc8d3507eb151f53f760d36abdef888
      size: 91998
    - path: src/get_data.py
      md5: 404a39fe4fe3fcff9376fae2d86b0a43
      size: 728
    - path: src/load_data.py
      md5: 671723eb33f0ae532703369f1763fc7e
      size: 699
    outs:
    - path: data/raw/winequality.csv
      md5: d98e8f2eca228c11c4de1cc96866a54d
      size: 93598
